
Microsoft Visual Studio Solution File, Format Version 12.00
# Visual Studio Version 16
VisualStudioVersion = 25.0.1705.1
MinimumVisualStudioVersion = 10.0.40219.1
Project("{FAE04EC0-301F-11D3-BF4B-00C04F79EFBC}") = "FootballMatchReports", "FootballMatchReports.csproj", "{39C8B1A4-37B8-4ECB-90CB-C93ED5B09E26}"
EndProject
Global
	GlobalSection(SolutionConfigurationPlatforms) = preSolution
		Debug|Any CPU = Debug|Any CPU
		Release|Any CPU = Release|Any CPU
	EndGlobalSection
	GlobalSection(ProjectConfigurationPlatforms) = postSolution
		{39C8B1A4-37B8-4ECB-90CB-C93ED5B09E26}.Debug|Any CPU.ActiveCfg = Debug|Any CPU
		{39C8B1A4-37B8-4ECB-90CB-C93ED5B09E26}.Debug|Any CPU.Build.0 = Debug|Any CPU
		{39C8B1A4-37B8-4ECB-90CB-C93ED5B09E26}.Release|Any CPU.ActiveCfg = Release|Any CPU
		{39C8B1A4-37B8-4ECB-90CB-C93ED5B09E26}.Release|Any CPU.Build.0 = Release|Any CPU
	EndGlobalSection
	GlobalSection(SolutionProperties) = preSolution
		HideSolutionNode = FALSE
	EndGlobalSection
	GlobalSection(ExtensibilityGlobals) = postSolution
		SolutionGuid = {124D5B31-D611-4E75-8BF9-61D71560155D}
	EndGlobalSection
EndGlobal
